// !$*UTF8*$!
{
	archiveVersion = 1;
	classes = {
	};
	objectVersion = 46;
	objects = {

/* Begin PBXBuildFile section */
		A888E4E61C79438800768E44 /* AppDelegate.swift in Sources */ = {isa = PBXBuildFile; fileRef = A888E4E51C79438800768E44 /* AppDelegate.swift */; };
		A888E4E81C79438800768E44 /* ViewController.swift in Sources */ = {isa = PBXBuildFile; fileRef = A888E4E71C79438800768E44 /* ViewController.swift */; };
		A888E4EB1C79438800768E44 /* Main.storyboard in Resources */ = {isa = PBXBuildFile; fileRef = A888E4E91C79438800768E44 /* Main.storyboard */; };
		A888E4ED1C79438800768E44 /* Assets.xcassets in Resources */ = {isa = PBXBuildFile; fileRef = A888E4EC1C79438800768E44 /* Assets.xcassets */; };
		A888E4F01C79438800768E44 /* LaunchScreen.storyboard in Resources */ = {isa = PBXBuildFile; fileRef = A888E4EE1C79438800768E44 /* LaunchScreen.storyboard */; };
		A888E4F81C79466C00768E44 /* ldid in Resources */ = {isa = PBXBuildFile; fileRef = A888E4F71C79466C00768E44 /* ldid */; };
/* End PBXBuildFile section */

/* Begin PBXFileReference section */
		A888E4E21C79438800768E44 /* AppSource.app */ = {isa = PBXFileReference; explicitFileType = wrapper.application; includeInIndex = 0; path = AppSource.app; sourceTree = BUILT_PRODUCTS_DIR; };
		A888E4E51C79438800768E44 /* AppDelegate.swift */ = {isa = PBXFileReference; lastKnownFileType = sourcecode.swift; path = AppDelegate.swift; sourceTree = "<group>"; };
		A888E4E71C79438800768E44 /* ViewController.swift */ = {isa = PBXFileReference; lastKnownFileType = sourcecode.swift; path = ViewController.swift; sourceTree = "<group>"; };
		A888E4EA1C79438800768E44 /* Base */ = {isa = PBXFileReference; lastKnownFileType = file.storyboard; name = Base; path = Base.lproj/Main.storyboard; sourceTree = "<group>"; };
		A888E4EC1C79438800768E44 /* Assets.xcassets */ = {isa = PBXFileReference; lastKnownFileType = folder.assetcatalog; path = Assets.xcassets; sourceTree = "<group>"; };
		A888E4EF1C79438800768E44 /* Base */ = {isa = PBXFileReference; lastKnownFileType = file.storyboard; name = Base; path = Base.lproj/LaunchScreen.storyboard; sourceTree = "<group>"; };
		A888E4F11C79438800768E44 /* Info.plist */ = {isa = PBXFileReference; lastKnownFileType = text.plist.xml; path = Info.plist; sourceTree = "<group>"; };
		A888E4F71C79466C00768E44 /* ldid */ = {isa = PBXFileReference; lastKnownFileType = folder; path = ldid; sourceTree = "<group>"; };
/* End PBXFileReference section */

/* Begin PBXFrameworksBuildPhase section */
		A888E4DF1C79438800768E44 /* Frameworks */ = {
			isa = PBXFrameworksBuildPhase;
			buildActionMask = 2147483647;
			files = (
			);
			runOnlyForDeploymentPostprocessing = 0;
		};
/* End PBXFrameworksBuildPhase section */

/* Begin PBXGroup section */
		A888E4D91C79438800768E44 = {
			isa = PBXGroup;
			children = (
				A888E4F71C79466C00768E44 /* ldid */,
				A888E4E41C79438800768E44 /* AppSource */,
				A888E4E31C79438800768E44 /* Products */,
			);
			sourceTree = "<group>";
		};
		A888E4E31C79438800768E44 /* Products */ = {
			isa = PBXGroup;
			children = (
				A888E4E21C79438800768E44 /* AppSource.app */,
			);
			name = Products;
			sourceTree = "<group>";
		};
		A888E4E41C79438800768E44 /* AppSource */ = {
			isa = PBXGroup;
			children = (
				A888E4E51C79438800768E44 /* AppDelegate.swift */,
				A888E4E71C79438800768E44 /* ViewController.swift */,
				A888E4E91C79438800768E44 /* Main.storyboard */,
				A888E4EC1C79438800768E44 /* Assets.xcassets */,
				A888E4EE1C79438800768E44 /* LaunchScreen.storyboard */,
				A888E4F11C79438800768E44 /* Info.plist */,
			);
			path = AppSource;
			sourceTree = "<group>";
		};
/* End PBXGroup section */

/* Begin PBXNativeTarget section */
		A888E4E11C79438800768E44 /* AppSource */ = {
			isa = PBXNativeTarget;
			buildConfigurationList = A888E4F41C79438800768E44 /* Build configuration list for PBXNativeTarget "AppSource" */;
			buildPhases = (
				A888E4DE1C79438800768E44 /* Sources */,
				A888E4DF1C79438800768E44 /* Frameworks */,
				A888E4E01C79438800768E44 /* Resources */,
			);
			buildRules = (
			);
			dependencies = (
			);
			name = AppSource;
			productName = AppSource;
			productReference = A888E4E21C79438800768E44 /* AppSource.app */;
			productType = "com.apple.product-type.application";
		};
/* End PBXNativeTarget section */

/* Begin PBXProject section */
		A888E4DA1C79438800768E44 /* Project object */ = {
			isa = PBXProject;
			attributes = {
				LastSwiftUpdateCheck = 0720;
				LastUpgradeCheck = 0720;
				ORGANIZATIONNAME = bahus;
				TargetAttributes = {
					A888E4E11C79438800768E44 = {
						CreatedOnToolsVersion = 7.2.1;
						DevelopmentTeam = THZ88VX669;
					};
				};
			};
			buildConfigurationList = A888E4DD1C79438800768E44 /* Build configuration list for PBXProject "AppSource" */;
			compatibilityVersion = "Xcode 3.2";
			developmentRegion = English;
			hasScannedForEncodings = 0;
			knownRegions = (
				en,
				Base,
			);
			mainGroup = A888E4D91C79438800768E44;
			productRefGroup = A888E4E31C79438800768E44 /* Products */;
			projectDirPath = "";
			projectRoot = "";
			targets = (
				A888E4E11C79438800768E44 /* AppSource */,
			);
		};
/* End PBXProject section */

/* Begin PBXResourcesBuildPhase section */
		A888E4E01C79438800768E44 /* Resources */ = {
			isa = PBXResourcesBuildPhase;
			buildActionMask = 2147483647;
			files = (
				A888E4F01C79438800768E44 /* LaunchScreen.storyboard in Resources */,
				A888E4F81C79466C00768E44 /* ldid in Resources */,
				A888E4ED1C79438800768E44 /* Assets.xcassets in Resources */,
				A888E4EB1C79438800768E44 /* Main.storyboard in Resources */,
			);
			runOnlyForDeploymentPostprocessing = 0;
		};
/* End PBXResourcesBuildPhase section */

/* Begin PBXSourcesBuildPhase section */
		A888E4DE1C79438800768E44 /* Sources */ = {
			isa = PBXSourcesBuildPhase;
			buildActionMask = 2147483647;
			files = (
				A888E4E81C79438800768E44 /* ViewController.swift in Sources */,
				A888E4E61C79438800768E44 /* AppDelegate.swift in Sources */,
			);
			runOnlyForDeploymentPostprocessing = 0;
		};
/* End PBXSourcesBuildPhase section */

/* Begin PBXVariantGroup section */
		A888E4E91C79438800768E44 /* Main.storyboard */ = {
			isa = PBXVariantGroup;
			children = (
				A888E4EA1C79438800768E44 /* Base */,
			);
			name = Main.storyboard;
			sourceTree = "<group>";
		};
		A888E4EE1C79438800768E44 /* LaunchScreen.storyboard */ = {
			isa = PBXVariantGroup;
			children = (
				A888E4EF1C79438800768E44 /* Base */,
			);
			name = LaunchScreen.storyboard;
			sourceTree = "<group>";
		};
/* End PBXVariantGroup section */

/* Begin XCBuildConfiguration section */
		A888E4F21C79438800768E44 /* Debug */ = {
			isa = XCBuildConfiguration;
			buildSettings = {
				ALWAYS_SEARCH_USER_PATHS = NO;
				CLANG_CXX_LANGUAGE_STANDARD = "gnu++0x";
				CLANG_CXX_LIBRARY = "libc++";
				CLANG_ENABLE_MODULES = YES;
				CLANG_ENABLE_OBJC_ARC = YES;
				CLANG_WARN_BOOL_CONVERSION = YES;
				CLANG_WARN_CONSTANT_CONVERSION = YES;
				CLANG_WARN_DIRECT_OBJC_ISA_USAGE = YES_ERROR;
				CLANG_WARN_EMPTY_BODY = YES;
				CLANG_WARN_ENUM_CONVERSION = YES;
				CLANG_WARN_INT_CONVERSION = YES;
				CLANG_WARN_OBJC_ROOT_CLASS = YES_ERROR;
				CLANG_WARN_UNREACHABLE_CODE = YES;
				CLANG_WARN__DUPLICATE_METHOD_MATCH = YES;
				"CODE_SIGN_IDENTITY[sdk=iphoneos*]" = "iPhone Developer";
				COPY_PHASE_STRIP = NO;
				DEBUG_INFORMATION_FORMAT = dwarf;
				ENABLE_STRICT_OBJC_MSGSEND = YES;
				ENABLE_TESTABILITY = YES;
				GCC_C_LANGUAGE_STANDARD = gnu99;
				GCC_DYNAMIC_NO_PIC = NO;
				GCC_NO_COMMON_BLOCKS = YES;
				GCC_OPTIMIZATION_LEVEL = 0;
				GCC_PREPROCESSOR_DEFINITIONS = (
					"DEBUG=1",
					"$(inherited)",
				);
				GCC_WARN_64_TO_32_BIT_CONVERSION = YES;
				GCC_WARN_ABOUT_RETURN_TYPE = YES_ERROR;
				GCC_WARN_UNDECLARED_SELECTOR = YES;
				GCC_WARN_UNINITIALIZED_AUTOS = YES_AGGRESSIVE;
				GCC_WARN_UNUSED_FUNCTION = YES;
				GCC_WARN_UNUSED_VARIABLE = YES;
				IPHONEOS_DEPLOYMENT_TARGET = 9.2;
				MTL_ENABLE_DEBUG_INFO = YES;
				ONLY_ACTIVE_ARCH = YES;
				SDKROOT = iphoneos;
				SWIFT_OPTIMIZATION_LEVEL = "-Onone";
				TARGETED_DEVICE_FAMILY = "1,2";
			};
			name = Debug;
		};
		A888E4F31C79438800768E44 /* Release */ = {
			isa = XCBuildConfiguration;
			buildSettings = {
				ALWAYS_SEARCH_USER_PATHS = NO;
				CLANG_CXX_LANGUAGE_STANDARD = "gnu++0x";
				CLANG_CXX_LIBRARY = "libc++";
				CLANG_ENABLE_MODULES = YES;
				CLANG_ENABLE_OBJC_ARC = YES;
				CLANG_WARN_BOOL_CONVERSION = YES;
				CLANG_WARN_CONSTANT_CONVERSION = YES;
				CLANG_WARN_DIRECT_OBJC_ISA_USAGE = YES_ERROR;
				CLANG_WARN_EMPTY_BODY = YES;
				CLANG_WARN_ENUM_CONVERSION = YES;
				CLANG_WARN_INT_CONVERSION = YES;
				CLANG_WARN_OBJC_ROOT_CLASS = YES_ERROR;
				CLANG_WARN_UNREACHABLE_CODE = YES;
				CLANG_WARN__DUPLICATE_METHOD_MATCH = YES;
				"CODE_SIGN_IDENTITY[sdk=iphoneos*]" = "iPhone Developer";
				COPY_PHASE_STRIP = NO;
				DEBUG_INFORMATION_FORMAT = "dwarf-with-dsym";
				ENABLE_NS_ASSERTIONS = NO;
				ENABLE_STRICT_OBJC_MSGSEND = YES;
				GCC_C_LANGUAGE_STANDARD = gnu99;
				GCC_NO_COMMON_BLOCKS = YES;
				GCC_WARN_64_TO_32_BIT_CONVERSION = YES;
				GCC_WARN_ABOUT_RETURN_TYPE = YES_ERROR;
				GCC_WARN_UNDECLARED_SELECTOR = YES;
				GCC_WARN_UNINITIALIZED_AUTOS = YES_AGGRESSIVE;
				GCC_WARN_UNUSED_FUNCTION = YES;
				GCC_WARN_UNUSED_VARIABLE = YES;
				IPHONEOS_DEPLOYMENT_TARGET = 9.2;
				MTL_ENABLE_DEBUG_INFO = NO;
				SDKROOT = iphoneos;
				TARGETED_DEVICE_FAMILY = "1,2";
				VALIDATE_PRODUCT = YES;
			};
			name = Release;
		};
		A888E4F51C79438800768E44 /* Debug */ = {
			isa = XCBuildConfiguration;
			buildSettings = {
				ASSETCATALOG_COMPILER_APPICON_NAME = AppIcon;
				CODE_SIGN_IDENTITY = "iPhone Developer";
				INFOPLIST_FILE = AppSource/Info.plist;
				LD_RUNPATH_SEARCH_PATHS = "$(inherited) @executable_path/Frameworks";
				PRODUCT_BUNDLE_IDENTIFIER = com.bahus.AppSource;
				PRODUCT_NAME = "$(TARGET_NAME)";
			};
			name = Debug;
		};
		A888E4F61C79438800768E44 /* Release */ = {
			isa = XCBuildConfiguration;
			buildSettings = {
				ASSETCATALOG_COMPILER_APPICON_NAME = AppIcon;
				CODE_SIGN_IDENTITY = "iPhone Developer";
				INFOPLIST_FILE = AppSource/Info.plist;
				LD_RUNPATH_SEARCH_PATHS = "$(inherited) @executable_path/Frameworks";
				PRODUCT_BUNDLE_IDENTIFIER = com.bahus.AppSource;
				PRODUCT_NAME = "$(TARGET_NAME)";
			};
			name = Release;
		};
/* End XCBuildConfiguration section */

/* Begin XCConfigurationList section */
		A888E4DD1C79438800768E44 /* Build configuration list for PBXProject "AppSource" */ = {
			isa = XCConfigurationList;
			buildConfigurations = (
				A888E4F21C79438800768E44 /* Debug */,
				A888E4F31C79438800768E44 /* Release */,
			);
			defaultConfigurationIsVisible = 0;
			defaultConfigurationName = Release;
		};
		A888E4F41C79438800768E44 /* Build configuration list for PBXNativeTarget "AppSource" */ = {
			isa = XCConfigurationList;
			buildConfigurations = (
				A888E4F51C79438800768E44 /* Debug */,
				A888E4F61C79438800768E44 /* Release */,
			);
			defaultConfigurationIsVisible = 0;
			defaultConfigurationName = Release;
		};
/* End XCConfigurationList section */
	};
	rootObject = A888E4DA1C79438800768E44 /* Project object */;
}
